// !$*UTF8*$!
{
	archiveVersion = 1;
	classes = {
	};
	objectVersion = 50;
	objects = {

/* Begin PBXBuildFile section */
		DC19B1E22176BC4C002315F7 /* AppDelegate.swift in Sources */ = {isa = PBXBuildFile; fileRef = DC19B1E12176BC4C002315F7 /* AppDelegate.swift */; };
		DC19B1E42176BC4C002315F7 /* ViewController.swift in Sources */ = {isa = PBXBuildFile; fileRef = DC19B1E32176BC4C002315F7 /* ViewController.swift */; };
		DC19B1E72176BC4C002315F7 /* Main.storyboard in Resources */ = {isa = PBXBuildFile; fileRef = DC19B1E52176BC4C002315F7 /* Main.storyboard */; };
		DC19B1E92176BC4D002315F7 /* Assets.xcassets in Resources */ = {isa = PBXBuildFile; fileRef = DC19B1E82176BC4D002315F7 /* Assets.xcassets */; };
		DC19B1EC2176BC4D002315F7 /* LaunchScreen.storyboard in Resources */ = {isa = PBXBuildFile; fileRef = DC19B1EA2176BC4D002315F7 /* LaunchScreen.storyboard */; };
		DC19B1F42176BC70002315F7 /* StateMachine.swift in Sources */ = {isa = PBXBuildFile; fileRef = DC19B1F32176BC70002315F7 /* StateMachine.swift */; };
		DC19B1FC2177CB79002315F7 /* StateMachineTests.swift in Sources */ = {isa = PBXBuildFile; fileRef = DC19B1FB2177CB79002315F7 /* StateMachineTests.swift */; };
		DCCC40752179207700D53D7D /* StateMachine.pdf in Resources */ = {isa = PBXBuildFile; fileRef = DCCC40742179207600D53D7D /* StateMachine.pdf */; };
/* End PBXBuildFile section */

/* Begin PBXContainerItemProxy section */
		DC19B1FE2177CB79002315F7 /* PBXContainerItemProxy */ = {
			isa = PBXContainerItemProxy;
			containerPortal = DC19B1D62176BC4C002315F7 /* Project object */;
			proxyType = 1;
			remoteGlobalIDString = DC19B1DD2176BC4C002315F7;
			remoteInfo = StateMachine;
		};
/* End PBXContainerItemProxy section */

/* Begin PBXFileReference section */
		DC19B1DE2176BC4C002315F7 /* StateMachine.app */ = {isa = PBXFileReference; explicitFileType = wrapper.application; includeInIndex = 0; path = StateMachine.app; sourceTree = BUILT_PRODUCTS_DIR; };
		DC19B1E12176BC4C002315F7 /* AppDelegate.swift */ = {isa = PBXFileReference; lastKnownFileType = sourcecode.swift; path = AppDelegate.swift; sourceTree = "<group>"; };
		DC19B1E32176BC4C002315F7 /* ViewController.swift */ = {isa = PBXFileReference; lastKnownFileType = sourcecode.swift; path = ViewController.swift; sourceTree = "<group>"; };
		DC19B1E62176BC4C002315F7 /* Base */ = {isa = PBXFileReference; lastKnownFileType = file.storyboard; name = Base; path = Base.lproj/Main.storyboard; sourceTree = "<group>"; };
		DC19B1E82176BC4D002315F7 /* Assets.xcassets */ = {isa = PBXFileReference; lastKnownFileType = folder.assetcatalog; path = Assets.xcassets; sourceTree = "<group>"; };
		DC19B1EB2176BC4D002315F7 /* Base */ = {isa = PBXFileReference; lastKnownFileType = file.storyboard; name = Base; path = Base.lproj/LaunchScreen.storyboard; sourceTree = "<group>"; };
		DC19B1ED2176BC4D002315F7 /* Info.plist */ = {isa = PBXFileReference; lastKnownFileType = text.plist.xml; path = Info.plist; sourceTree = "<group>"; };
		DC19B1F32176BC70002315F7 /* StateMachine.swift */ = {isa = PBXFileReference; lastKnownFileType = sourcecode.swift; path = StateMachine.swift; sourceTree = "<group>"; };
		DC19B1F92177CB78002315F7 /* StateMachineTests.xctest */ = {isa = PBXFileReference; explicitFileType = wrapper.cfbundle; includeInIndex = 0; path = StateMachineTests.xctest; sourceTree = BUILT_PRODUCTS_DIR; };
		DC19B1FB2177CB79002315F7 /* StateMachineTests.swift */ = {isa = PBXFileReference; lastKnownFileType = sourcecode.swift; path = StateMachineTests.swift; sourceTree = "<group>"; };
		DC19B1FD2177CB79002315F7 /* Info.plist */ = {isa = PBXFileReference; lastKnownFileType = text.plist.xml; path = Info.plist; sourceTree = "<group>"; };
		DCCC40742179207600D53D7D /* StateMachine.pdf */ = {isa = PBXFileReference; lastKnownFileType = image.pdf; path = StateMachine.pdf; sourceTree = "<group>"; };
/* End PBXFileReference section */

/* Begin PBXFrameworksBuildPhase section */
		DC19B1DB2176BC4C002315F7 /* Frameworks */ = {
			isa = PBXFrameworksBuildPhase;
			buildActionMask = 2147483647;
			files = (
			);
			runOnlyForDeploymentPostprocessing = 0;
		};
		DC19B1F62177CB78002315F7 /* Frameworks */ = {
			isa = PBXFrameworksBuildPhase;
			buildActionMask = 2147483647;
			files = (
			);
			runOnlyForDeploymentPostprocessing = 0;
		};
/* End PBXFrameworksBuildPhase section */

/* Begin PBXGroup section */
		DC19B1D52176BC4C002315F7 = {
			isa = PBXGroup;
			children = (
				DC19B1E02176BC4C002315F7 /* StateMachine */,
				DC19B1FA2177CB79002315F7 /* StateMachineTests */,
				DC19B1DF2176BC4C002315F7 /* Products */,
			);
			sourceTree = "<group>";
		};
		DC19B1DF2176BC4C002315F7 /* Products */ = {
			isa = PBXGroup;
			children = (
				DC19B1DE2176BC4C002315F7 /* StateMachine.app */,
				DC19B1F92177CB78002315F7 /* StateMachineTests.xctest */,
			);
			name = Products;
			sourceTree = "<group>";
		};
		DC19B1E02176BC4C002315F7 /* StateMachine */ = {
			isa = PBXGroup;
			children = (
				DC19B1E12176BC4C002315F7 /* AppDelegate.swift */,
				DC19B1E32176BC4C002315F7 /* ViewController.swift */,
				DC19B1E52176BC4C002315F7 /* Main.storyboard */,
				DC19B1E82176BC4D002315F7 /* Assets.xcassets */,
				DC19B1EA2176BC4D002315F7 /* LaunchScreen.storyboard */,
				DC19B1ED2176BC4D002315F7 /* Info.plist */,
				DC19B1F32176BC70002315F7 /* StateMachine.swift */,
				DCCC40742179207600D53D7D /* StateMachine.pdf */,
			);
			path = StateMachine;
			sourceTree = "<group>";
		};
		DC19B1FA2177CB79002315F7 /* StateMachineTests */ = {
			isa = PBXGroup;
			children = (
				DC19B1FB2177CB79002315F7 /* StateMachineTests.swift */,
				DC19B1FD2177CB79002315F7 /* Info.plist */,
			);
			path = StateMachineTests;
			sourceTree = "<group>";
		};
/* End PBXGroup section */

/* Begin PBXNativeTarget section */
		DC19B1DD2176BC4C002315F7 /* StateMachine */ = {
			isa = PBXNativeTarget;
			buildConfigurationList = DC19B1F02176BC4D002315F7 /* Build configuration list for PBXNativeTarget "StateMachine" */;
			buildPhases = (
				DC19B1DA2176BC4C002315F7 /* Sources */,
				DC19B1DB2176BC4C002315F7 /* Frameworks */,
				DC19B1DC2176BC4C002315F7 /* Resources */,
			);
			buildRules = (
			);
			dependencies = (
			);
			name = StateMachine;
			productName = StateMachine;
			productReference = DC19B1DE2176BC4C002315F7 /* StateMachine.app */;
			productType = "com.apple.product-type.application";
		};
		DC19B1F82177CB78002315F7 /* StateMachineTests */ = {
			isa = PBXNativeTarget;
			buildConfigurationList = DC19B2002177CB79002315F7 /* Build configuration list for PBXNativeTarget "StateMachineTests" */;
			buildPhases = (
				DC19B1F52177CB78002315F7 /* Sources */,
				DC19B1F62177CB78002315F7 /* Frameworks */,
				DC19B1F72177CB78002315F7 /* Resources */,
			);
			buildRules = (
			);
			dependencies = (
				DC19B1FF2177CB79002315F7 /* PBXTargetDependency */,
			);
			name = StateMachineTests;
			productName = StateMachineTests;
			productReference = DC19B1F92177CB78002315F7 /* StateMachineTests.xctest */;
			productType = "com.apple.product-type.bundle.unit-test";
		};
/* End PBXNativeTarget section */

/* Begin PBXProject section */
		DC19B1D62176BC4C002315F7 /* Project object */ = {
			isa = PBXProject;
			attributes = {
				LastSwiftUpdateCheck = 1000;
				LastUpgradeCheck = 1000;
				ORGANIZATIONNAME = "Paul Ossenbruggen";
				TargetAttributes = {
					DC19B1DD2176BC4C002315F7 = {
						CreatedOnToolsVersion = 10.0;
					};
					DC19B1F82177CB78002315F7 = {
						CreatedOnToolsVersion = 10.0;
						TestTargetID = DC19B1DD2176BC4C002315F7;
					};
				};
			};
			buildConfigurationList = DC19B1D92176BC4C002315F7 /* Build configuration list for PBXProject "StateMachine" */;
			compatibilityVersion = "Xcode 9.3";
			developmentRegion = en;
			hasScannedForEncodings = 0;
			knownRegions = (
				en,
				Base,
			);
			mainGroup = DC19B1D52176BC4C002315F7;
			productRefGroup = DC19B1DF2176BC4C002315F7 /* Products */;
			projectDirPath = "";
			projectRoot = "";
			targets = (
				DC19B1DD2176BC4C002315F7 /* StateMachine */,
				DC19B1F82177CB78002315F7 /* StateMachineTests */,
			);
		};
/* End PBXProject section */

/* Begin PBXResourcesBuildPhase section */
		DC19B1DC2176BC4C002315F7 /* Resources */ = {
			isa = PBXResourcesBuildPhase;
			buildActionMask = 2147483647;
			files = (
				DC19B1EC2176BC4D002315F7 /* LaunchScreen.storyboard in Resources */,
				DC19B1E92176BC4D002315F7 /* Assets.xcassets in Resources */,
				DCCC40752179207700D53D7D /* StateMachine.pdf in Resources */,
				DC19B1E72176BC4C002315F7 /* Main.storyboard in Resources */,
			);
			runOnlyForDeploymentPostprocessing = 0;
		};
		DC19B1F72177CB78002315F7 /* Resources */ = {
			isa = PBXResourcesBuildPhase;
			buildActionMask = 2147483647;
			files = (
			);
			runOnlyForDeploymentPostprocessing = 0;
		};
/* End PBXResourcesBuildPhase section */

/* Begin PBXSourcesBuildPhase section */
		DC19B1DA2176BC4C002315F7 /* Sources */ = {
			isa = PBXSourcesBuildPhase;
			buildActionMask = 2147483647;
			files = (
				DC19B1E42176BC4C002315F7 /* ViewController.swift in Sources */,
				DC19B1F42176BC70002315F7 /* StateMachine.swift in Sources */,
				DC19B1E22176BC4C002315F7 /* AppDelegate.swift in Sources */,
			);
			runOnlyForDeploymentPostprocessing = 0;
		};
		DC19B1F52177CB78002315F7 /* Sources */ = {
			isa = PBXSourcesBuildPhase;
			buildActionMask = 2147483647;
			files = (
				DC19B1FC2177CB79002315F7 /* StateMachineTests.swift in Sources */,
			);
			runOnlyForDeploymentPostprocessing = 0;
		};
/* End PBXSourcesBuildPhase section */

/* Begin PBXTargetDependency section */
		DC19B1FF2177CB79002315F7 /* PBXTargetDependency */ = {
			isa = PBXTargetDependency;
			target = DC19B1DD2176BC4C002315F7 /* StateMachine */;
			targetProxy = DC19B1FE2177CB79002315F7 /* PBXContainerItemProxy */;
		};
/* End PBXTargetDependency section */

/* Begin PBXVariantGroup section */
		DC19B1E52176BC4C002315F7 /* Main.storyboard */ = {
			isa = PBXVariantGroup;
			children = (
				DC19B1E62176BC4C002315F7 /* Base */,
			);
			name = Main.storyboard;
			sourceTree = "<group>";
		};
		DC19B1EA2176BC4D002315F7 /* LaunchScreen.storyboard */ = {
			isa = PBXVariantGroup;
			children = (
				DC19B1EB2176BC4D002315F7 /* Base */,
			);
			name = LaunchScreen.storyboard;
			sourceTree = "<group>";
		};
/* End PBXVariantGroup section */

/* Begin XCBuildConfiguration section */
		DC19B1EE2176BC4D002315F7 /* Debug */ = {
			isa = XCBuildConfiguration;
			buildSettings = {
				ALWAYS_SEARCH_USER_PATHS = NO;
				CLANG_ANALYZER_NONNULL = YES;
				CLANG_ANALYZER_NUMBER_OBJECT_CONVERSION = YES_AGGRESSIVE;
				CLANG_CXX_LANGUAGE_STANDARD = "gnu++14";
				CLANG_CXX_LIBRARY = "libc++";
				CLANG_ENABLE_MODULES = YES;
				CLANG_ENABLE_OBJC_ARC = YES;
				CLANG_ENABLE_OBJC_WEAK = YES;
				CLANG_WARN_BLOCK_CAPTURE_AUTORELEASING = YES;
				CLANG_WARN_BOOL_CONVERSION = YES;
				CLANG_WARN_COMMA = YES;
				CLANG_WARN_CONSTANT_CONVERSION = YES;
				CLANG_WARN_DEPRECATED_OBJC_IMPLEMENTATIONS = YES;
				CLANG_WARN_DIRECT_OBJC_ISA_USAGE = YES_ERROR;
				CLANG_WARN_DOCUMENTATION_COMMENTS = YES;
				CLANG_WARN_EMPTY_BODY = YES;
				CLANG_WARN_ENUM_CONVERSION = YES;
				CLANG_WARN_INFINITE_RECURSION = YES;
				CLANG_WARN_INT_CONVERSION = YES;
				CLANG_WARN_NON_LITERAL_NULL_CONVERSION = YES;
				CLANG_WARN_OBJC_IMPLICIT_RETAIN_SELF = YES;
				CLANG_WARN_OBJC_LITERAL_CONVERSION = YES;
				CLANG_WARN_OBJC_ROOT_CLASS = YES_ERROR;
				CLANG_WARN_RANGE_LOOP_ANALYSIS = YES;
				CLANG_WARN_STRICT_PROTOTYPES = YES;
				CLANG_WARN_SUSPICIOUS_MOVE = YES;
				CLANG_WARN_UNGUARDED_AVAILABILITY = YES_AGGRESSIVE;
				CLANG_WARN_UNREACHABLE_CODE = YES;
				CLANG_WARN__DUPLICATE_METHOD_MATCH = YES;
				CODE_SIGN_IDENTITY = "iPhone Developer";
				COPY_PHASE_STRIP = NO;
				DEBUG_INFORMATION_FORMAT = dwarf;
				ENABLE_STRICT_OBJC_MSGSEND = YES;
				ENABLE_TESTABILITY = YES;
				GCC_C_LANGUAGE_STANDARD = gnu11;
				GCC_DYNAMIC_NO_PIC = NO;
				GCC_NO_COMMON_BLOCKS = YES;
				GCC_OPTIMIZATION_LEVEL = 0;
				GCC_PREPROCESSOR_DEFINITIONS = (
					"DEBUG=1",
					"$(inherited)",
				);
				GCC_WARN_64_TO_32_BIT_CONVERSION = YES;
				GCC_WARN_ABOUT_RETURN_TYPE = YES_ERROR;
				GCC_WARN_UNDECLARED_SELECTOR = YES;
				GCC_WARN_UNINITIALIZED_AUTOS = YES_AGGRESSIVE;
				GCC_WARN_UNUSED_FUNCTION = YES;
				GCC_WARN_UNUSED_VARIABLE = YES;
				IPHONEOS_DEPLOYMENT_TARGET = 12.0;
				MTL_ENABLE_DEBUG_INFO = INCLUDE_SOURCE;
				MTL_FAST_MATH = YES;
				ONLY_ACTIVE_ARCH = YES;
				SDKROOT = iphoneos;
				SWIFT_ACTIVE_COMPILATION_CONDITIONS = DEBUG;
				SWIFT_OPTIMIZATION_LEVEL = "-Onone";
			};
			name = Debug;
		};
		DC19B1EF2176BC4D002315F7 /* Release */ = {
			isa = XCBuildConfiguration;
			buildSettings = {
				ALWAYS_SEARCH_USER_PATHS = NO;
				CLANG_ANALYZER_NONNULL = YES;
				CLANG_ANALYZER_NUMBER_OBJECT_CONVERSION = YES_AGGRESSIVE;
				CLANG_CXX_LANGUAGE_STANDARD = "gnu++14";
				CLANG_CXX_LIBRARY = "libc++";
				CLANG_ENABLE_MODULES = YES;
				CLANG_ENABLE_OBJC_ARC = YES;
				CLANG_ENABLE_OBJC_WEAK = YES;
				CLANG_WARN_BLOCK_CAPTURE_AUTORELEASING = YES;
				CLANG_WARN_BOOL_CONVERSION = YES;
				CLANG_WARN_COMMA = YES;
				CLANG_WARN_CONSTANT_CONVERSION = YES;
				CLANG_WARN_DEPRECATED_OBJC_IMPLEMENTATIONS = YES;
				CLANG_WARN_DIRECT_OBJC_ISA_USAGE = YES_ERROR;
				CLANG_WARN_DOCUMENTATION_COMMENTS = YES;
				CLANG_WARN_EMPTY_BODY = YES;
				CLANG_WARN_ENUM_CONVERSION = YES;
				CLANG_WARN_INFINITE_RECURSION = YES;
				CLANG_WARN_INT_CONVERSION = YES;
				CLANG_WARN_NON_LITERAL_NULL_CONVERSION = YES;
				CLANG_WARN_OBJC_IMPLICIT_RETAIN_SELF = YES;
				CLANG_WARN_OBJC_LITERAL_CONVERSION = YES;
				CLANG_WARN_OBJC_ROOT_CLASS = YES_ERROR;
				CLANG_WARN_RANGE_LOOP_ANALYSIS = YES;
				CLANG_WARN_STRICT_PROTOTYPES = YES;
				CLANG_WARN_SUSPICIOUS_MOVE = YES;
				CLANG_WARN_UNGUARDED_AVAILABILITY = YES_AGGRESSIVE;
				CLANG_WARN_UNREACHABLE_CODE = YES;
				CLANG_WARN__DUPLICATE_METHOD_MATCH = YES;
				CODE_SIGN_IDENTITY = "iPhone Developer";
				COPY_PHASE_STRIP = NO;
				DEBUG_INFORMATION_FORMAT = "dwarf-with-dsym";
				ENABLE_NS_ASSERTIONS = NO;
				ENABLE_STRICT_OBJC_MSGSEND = YES;
				GCC_C_LANGUAGE_STANDARD = gnu11;
				GCC_NO_COMMON_BLOCKS = YES;
				GCC_WARN_64_TO_32_BIT_CONVERSION = YES;
				GCC_WARN_ABOUT_RETURN_TYPE = YES_ERROR;
				GCC_WARN_UNDECLARED_SELECTOR = YES;
				GCC_WARN_UNINITIALIZED_AUTOS = YES_AGGRESSIVE;
				GCC_WARN_UNUSED_FUNCTION = YES;
				GCC_WARN_UNUSED_VARIABLE = YES;
				IPHONEOS_DEPLOYMENT_TARGET = 12.0;
				MTL_ENABLE_DEBUG_INFO = NO;
				MTL_FAST_MATH = YES;
				SDKROOT = iphoneos;
				SWIFT_COMPILATION_MODE = wholemodule;
				SWIFT_OPTIMIZATION_LEVEL = "-O";
				VALIDATE_PRODUCT = YES;
			};
			name = Release;
		};
		DC19B1F12176BC4D002315F7 /* Debug */ = {
			isa = XCBuildConfiguration;
			buildSettings = {
				ASSETCATALOG_COMPILER_APPICON_NAME = AppIcon;
				CODE_SIGN_STYLE = Automatic;
				DEVELOPMENT_TEAM = UVHFXZWG47;
				INFOPLIST_FILE = StateMachine/Info.plist;
				LD_RUNPATH_SEARCH_PATHS = (
					"$(inherited)",
					"@executable_path/Frameworks",
				);
				PRODUCT_BUNDLE_IDENTIFIER = com.synthus.StateMachine;
				PRODUCT_NAME = "$(TARGET_NAME)";
				SWIFT_VERSION = 4.2;
				TARGETED_DEVICE_FAMILY = "1,2";
			};
			name = Debug;
		};
		DC19B1F22176BC4D002315F7 /* Release */ = {
			isa = XCBuildConfiguration;
			buildSettings = {
				ASSETCATALOG_COMPILER_APPICON_NAME = AppIcon;
				CODE_SIGN_STYLE = Automatic;
				DEVELOPMENT_TEAM = UVHFXZWG47;
				INFOPLIST_FILE = StateMachine/Info.plist;
				LD_RUNPATH_SEARCH_PATHS = (
					"$(inherited)",
					"@executable_path/Frameworks",
				);
				PRODUCT_BUNDLE_IDENTIFIER = com.synthus.StateMachine;
				PRODUCT_NAME = "$(TARGET_NAME)";
				SWIFT_VERSION = 4.2;
				TARGETED_DEVICE_FAMILY = "1,2";
			};
			name = Release;
		};
		DC19B2012177CB79002315F7 /* Debug */ = {
			isa = XCBuildConfiguration;
			buildSettings = {
				BUNDLE_LOADER = "$(TEST_HOST)";
				CODE_SIGN_STYLE = Automatic;
				DEVELOPMENT_TEAM = UVHFXZWG47;
				INFOPLIST_FILE = StateMachineTests/Info.plist;
				LD_RUNPATH_SEARCH_PATHS = (
					"$(inherited)",
					"@executable_path/Frameworks",
					"@loader_path/Frameworks",
				);
				PRODUCT_BUNDLE_IDENTIFIER = com.synthus.StateMachineTests;
				PRODUCT_NAME = "$(TARGET_NAME)";
				SWIFT_VERSION = 4.2;
				TARGETED_DEVICE_FAMILY = "1,2";
				TEST_HOST = "$(BUILT_PRODUCTS_DIR)/StateMachine.app/StateMachine";
			};
			name = Debug;
		};
		DC19B2022177CB79002315F7 /* Release */ = {
			isa = XCBuildConfiguration;
			buildSettings = {
				BUNDLE_LOADER = "$(TEST_HOST)";
				CODE_SIGN_STYLE = Automatic;
				DEVELOPMENT_TEAM = UVHFXZWG47;
				INFOPLIST_FILE = StateMachineTests/Info.plist;
				LD_RUNPATH_SEARCH_PATHS = (
					"$(inherited)",
					"@executable_path/Frameworks",
					"@loader_path/Frameworks",
				);
				PRODUCT_BUNDLE_IDENTIFIER = com.synthus.StateMachineTests;
				PRODUCT_NAME = "$(TARGET_NAME)";
				SWIFT_VERSION = 4.2;
				TARGETED_DEVICE_FAMILY = "1,2";
				TEST_HOST = "$(BUILT_PRODUCTS_DIR)/StateMachine.app/StateMachine";
			};
			name = Release;
		};
/* End XCBuildConfiguration section */

/* Begin XCConfigurationList section */
		DC19B1D92176BC4C002315F7 /* Build configuration list for PBXProject "StateMachine" */ = {
			isa = XCConfigurationList;
			buildConfigurations = (
				DC19B1EE2176BC4D002315F7 /* Debug */,
				DC19B1EF2176BC4D002315F7 /* Release */,
			);
			defaultConfigurationIsVisible = 0;
			defaultConfigurationName = Release;
		};
		DC19B1F02176BC4D002315F7 /* Build configuration list for PBXNativeTarget "StateMachine" */ = {
			isa = XCConfigurationList;
			buildConfigurations = (
				DC19B1F12176BC4D002315F7 /* Debug */,
				DC19B1F22176BC4D002315F7 /* Release */,
			);
			defaultConfigurationIsVisible = 0;
			defaultConfigurationName = Release;
		};
		DC19B2002177CB79002315F7 /* Build configuration list for PBXNativeTarget "StateMachineTests" */ = {
			isa = XCConfigurationList;
			buildConfigurations = (
				DC19B2012177CB79002315F7 /* Debug */,
				DC19B2022177CB79002315F7 /* Release */,
			);
			defaultConfigurationIsVisible = 0;
			defaultConfigurationName = Release;
		};
/* End XCConfigurationList section */
	};
	rootObject = DC19B1D62176BC4C002315F7 /* Project object */;
}
